
Microsoft Visual Studio Solution File, Format Version 12.00
# Visual Studio Version 17
VisualStudioVersion = 17.10.35013.160
MinimumVisualStudioVersion = 10.0.40219.1
Project("{FAE04EC0-301F-11D3-BF4B-00C04F79EFBC}") = "WEB API", "WEB API\WEB API.csproj", "{C2F020C6-0340-4BAF-A037-5CDBF494002D}"
EndProject
Global
	GlobalSection(SolutionConfigurationPlatforms) = preSolution
		Debug|Any CPU = Debug|Any CPU
		Release|Any CPU = Release|Any CPU
	EndGlobalSection
	GlobalSection(ProjectConfigurationPlatforms) = postSolution
		{C2F020C6-0340-4BAF-A037-5CDBF494002D}.Debug|Any CPU.ActiveCfg = Debug|Any CPU
		{C2F020C6-0340-4BAF-A037-5CDBF494002D}.Debug|Any CPU.Build.0 = Debug|Any CPU
		{C2F020C6-0340-4BAF-A037-5CDBF494002D}.Release|Any CPU.ActiveCfg = Release|Any CPU
		{C2F020C6-0340-4BAF-A037-5CDBF494002D}.Release|Any CPU.Build.0 = Release|Any CPU
	EndGlobalSection
	GlobalSection(SolutionProperties) = preSolution
		HideSolutionNode = FALSE
	EndGlobalSection
	GlobalSection(ExtensibilityGlobals) = postSolution
		SolutionGuid = {63D02952-5C23-4A56-BCF9-2DD72A94AB85}
	EndGlobalSection
EndGlobal
